// !$*UTF8*$!
{
	archiveVersion = 1;
	classes = {
	};
	objectVersion = 46;
	objects = {

/* Begin PBXBuildFile section */
		CEC2F23D175C2EFE00E95B8C /* main.cpp in Sources */ = {isa = PBXBuildFile; fileRef = CEC2F23C175C2EFE00E95B8C /* main.cpp */; };
		CEC2F23F175C2EFE00E95B8C /* SortAlgorithm.1 in CopyFiles */ = {isa = PBXBuildFile; fileRef = CEC2F23E175C2EFE00E95B8C /* SortAlgorithm.1 */; };
/* End PBXBuildFile section */

/* Begin PBXCopyFilesBuildPhase section */
		CEC2F237175C2EFE00E95B8C /* CopyFiles */ = {
			isa = PBXCopyFilesBuildPhase;
			buildActionMask = 2147483647;
			dstPath = /usr/share/man/man1/;
			dstSubfolderSpec = 0;
			files = (
				CEC2F23F175C2EFE00E95B8C /* SortAlgorithm.1 in CopyFiles */,
			);
			runOnlyForDeploymentPostprocessing = 1;
		};
/* End PBXCopyFilesBuildPhase section */

/* Begin PBXFileReference section */
		CEC2F239175C2EFE00E95B8C /* SortAlgorithm */ = {isa = PBXFileReference; explicitFileType = "compiled.mach-o.executable"; includeInIndex = 0; path = SortAlgorithm; sourceTree = BUILT_PRODUCTS_DIR; };
		CEC2F23C175C2EFE00E95B8C /* main.cpp */ = {isa = PBXFileReference; lastKnownFileType = sourcecode.cpp.cpp; path = main.cpp; sourceTree = "<group>"; };
		CEC2F23E175C2EFE00E95B8C /* SortAlgorithm.1 */ = {isa = PBXFileReference; lastKnownFileType = text.man; path = SortAlgorithm.1; sourceTree = "<group>"; };
/* End PBXFileReference section */

/* Begin PBXFrameworksBuildPhase section */
		CEC2F236175C2EFE00E95B8C /* Frameworks */ = {
			isa = PBXFrameworksBuildPhase;
			buildActionMask = 2147483647;
			files = (
			);
			runOnlyForDeploymentPostprocessing = 0;
		};
/* End PBXFrameworksBuildPhase section */

/* Begin PBXGroup section */
		CEC2F230175C2EFE00E95B8C = {
			isa = PBXGroup;
			children = (
				CEC2F23B175C2EFE00E95B8C /* SortAlgorithm */,
				CEC2F23A175C2EFE00E95B8C /* Products */,
			);
			sourceTree = "<group>";
		};
		CEC2F23A175C2EFE00E95B8C /* Products */ = {
			isa = PBXGroup;
			children = (
				CEC2F239175C2EFE00E95B8C /* SortAlgorithm */,
			);
			name = Products;
			sourceTree = "<group>";
		};
		CEC2F23B175C2EFE00E95B8C /* SortAlgorithm */ = {
			isa = PBXGroup;
			children = (
				CEC2F23C175C2EFE00E95B8C /* main.cpp */,
				CEC2F23E175C2EFE00E95B8C /* SortAlgorithm.1 */,
			);
			path = SortAlgorithm;
			sourceTree = "<group>";
		};
/* End PBXGroup section */

/* Begin PBXNativeTarget section */
		CEC2F238175C2EFE00E95B8C /* SortAlgorithm */ = {
			isa = PBXNativeTarget;
			buildConfigurationList = CEC2F242175C2EFE00E95B8C /* Build configuration list for PBXNativeTarget "SortAlgorithm" */;
			buildPhases = (
				CEC2F235175C2EFE00E95B8C /* Sources */,
				CEC2F236175C2EFE00E95B8C /* Frameworks */,
				CEC2F237175C2EFE00E95B8C /* CopyFiles */,
			);
			buildRules = (
			);
			dependencies = (
			);
			name = SortAlgorithm;
			productName = SortAlgorithm;
			productReference = CEC2F239175C2EFE00E95B8C /* SortAlgorithm */;
			productType = "com.apple.product-type.tool";
		};
/* End PBXNativeTarget section */

/* Begin PBXProject section */
		CEC2F231175C2EFE00E95B8C /* Project object */ = {
			isa = PBXProject;
			attributes = {
				LastUpgradeCheck = 0460;
				ORGANIZATIONNAME = user;
			};
			buildConfigurationList = CEC2F234175C2EFE00E95B8C /* Build configuration list for PBXProject "SortAlgorithm" */;
			compatibilityVersion = "Xcode 3.2";
			developmentRegion = English;
			hasScannedForEncodings = 0;
			knownRegions = (
				en,
			);
			mainGroup = CEC2F230175C2EFE00E95B8C;
			productRefGroup = CEC2F23A175C2EFE00E95B8C /* Products */;
			projectDirPath = "";
			projectRoot = "";
			targets = (
				CEC2F238175C2EFE00E95B8C /* SortAlgorithm */,
			);
		};
/* End PBXProject section */

/* Begin PBXSourcesBuildPhase section */
		CEC2F235175C2EFE00E95B8C /* Sources */ = {
			isa = PBXSourcesBuildPhase;
			buildActionMask = 2147483647;
			files = (
				CEC2F23D175C2EFE00E95B8C /* main.cpp in Sources */,
			);
			runOnlyForDeploymentPostprocessing = 0;
		};
/* End PBXSourcesBuildPhase section */

/* Begin XCBuildConfiguration section */
		CEC2F240175C2EFE00E95B8C /* Debug */ = {
			isa = XCBuildConfiguration;
			buildSettings = {
				ALWAYS_SEARCH_USER_PATHS = NO;
				ARCHS = "$(ARCHS_STANDARD_64_BIT)";
				CLANG_CXX_LANGUAGE_STANDARD = "gnu++0x";
				CLANG_CXX_LIBRARY = "libc++";
				CLANG_WARN_CONSTANT_CONVERSION = YES;
				CLANG_WARN_EMPTY_BODY = YES;
				CLANG_WARN_ENUM_CONVERSION = YES;
				CLANG_WARN_INT_CONVERSION = YES;
				CLANG_WARN__DUPLICATE_METHOD_MATCH = YES;
				COPY_PHASE_STRIP = NO;
				GCC_C_LANGUAGE_STANDARD = gnu99;
				GCC_DYNAMIC_NO_PIC = NO;
				GCC_ENABLE_OBJC_EXCEPTIONS = YES;
				GCC_OPTIMIZATION_LEVEL = 0;
				GCC_PREPROCESSOR_DEFINITIONS = (
					"DEBUG=1",
					"$(inherited)",
				);
				GCC_SYMBOLS_PRIVATE_EXTERN = NO;
				GCC_WARN_64_TO_32_BIT_CONVERSION = YES;
				GCC_WARN_ABOUT_RETURN_TYPE = YES;
				GCC_WARN_UNINITIALIZED_AUTOS = YES;
				GCC_WARN_UNUSED_VARIABLE = YES;
				MACOSX_DEPLOYMENT_TARGET = 10.7;
				ONLY_ACTIVE_ARCH = YES;
				SDKROOT = macosx;
			};
			name = Debug;
		};
		CEC2F241175C2EFE00E95B8C /* Release */ = {
			isa = XCBuildConfiguration;
			buildSettings = {
				ALWAYS_SEARCH_USER_PATHS = NO;
				ARCHS = "$(ARCHS_STANDARD_64_BIT)";
				CLANG_CXX_LANGUAGE_STANDARD = "gnu++0x";
				CLANG_CXX_LIBRARY = "libc++";
				CLANG_WARN_CONSTANT_CONVERSION = YES;
				CLANG_WARN_EMPTY_BODY = YES;
				CLANG_WARN_ENUM_CONVERSION = YES;
				CLANG_WARN_INT_CONVERSION = YES;
				CLANG_WARN__DUPLICATE_METHOD_MATCH = YES;
				COPY_PHASE_STRIP = YES;
				DEBUG_INFORMATION_FORMAT = "dwarf-with-dsym";
				GCC_C_LANGUAGE_STANDARD = gnu99;
				GCC_ENABLE_OBJC_EXCEPTIONS = YES;
				GCC_WARN_64_TO_32_BIT_CONVERSION = YES;
				GCC_WARN_ABOUT_RETURN_TYPE = YES;
				GCC_WARN_UNINITIALIZED_AUTOS = YES;
				GCC_WARN_UNUSED_VARIABLE = YES;
				MACOSX_DEPLOYMENT_TARGET = 10.7;
				SDKROOT = macosx;
			};
			name = Release;
		};
		CEC2F243175C2EFE00E95B8C /* Debug */ = {
			isa = XCBuildConfiguration;
			buildSettings = {
				PRODUCT_NAME = "$(TARGET_NAME)";
			};
			name = Debug;
		};
		CEC2F244175C2EFE00E95B8C /* Release */ = {
			isa = XCBuildConfiguration;
			buildSettings = {
				PRODUCT_NAME = "$(TARGET_NAME)";
			};
			name = Release;
		};
/* End XCBuildConfiguration section */

/* Begin XCConfigurationList section */
		CEC2F234175C2EFE00E95B8C /* Build configuration list for PBXProject "SortAlgorithm" */ = {
			isa = XCConfigurationList;
			buildConfigurations = (
				CEC2F240175C2EFE00E95B8C /* Debug */,
				CEC2F241175C2EFE00E95B8C /* Release */,
			);
			defaultConfigurationIsVisible = 0;
			defaultConfigurationName = Release;
		};
		CEC2F242175C2EFE00E95B8C /* Build configuration list for PBXNativeTarget "SortAlgorithm" */ = {
			isa = XCConfigurationList;
			buildConfigurations = (
				CEC2F243175C2EFE00E95B8C /* Debug */,
				CEC2F244175C2EFE00E95B8C /* Release */,
			);
			defaultConfigurationIsVisible = 0;
			defaultConfigurationName = Release;
		};
/* End XCConfigurationList section */
	};
	rootObject = CEC2F231175C2EFE00E95B8C /* Project object */;
}
